
Microsoft Visual Studio Solution File, Format Version 12.00
# Visual Studio Version 17
VisualStudioVersion = 17.8.34525.116
MinimumVisualStudioVersion = 10.0.40219.1
Project("{FAE04EC0-301F-11D3-BF4B-00C04F79EFBC}") = "Lambda", "Lambda.csproj", "{23CC31E2-1A8E-4B73-A288-BA478BF53FAF}"
EndProject
Global
	GlobalSection(SolutionConfigurationPlatforms) = preSolution
		Debug|Any CPU = Debug|Any CPU
		Release|Any CPU = Release|Any CPU
	EndGlobalSection
	GlobalSection(ProjectConfigurationPlatforms) = postSolution
		{23CC31E2-1A8E-4B73-A288-BA478BF53FAF}.Debug|Any CPU.ActiveCfg = Debug|Any CPU
		{23CC31E2-1A8E-4B73-A288-BA478BF53FAF}.Debug|Any CPU.Build.0 = Debug|Any CPU
		{23CC31E2-1A8E-4B73-A288-BA478BF53FAF}.Release|Any CPU.ActiveCfg = Release|Any CPU
		{23CC31E2-1A8E-4B73-A288-BA478BF53FAF}.Release|Any CPU.Build.0 = Release|Any CPU
	EndGlobalSection
	GlobalSection(SolutionProperties) = preSolution
		HideSolutionNode = FALSE
	EndGlobalSection
	GlobalSection(ExtensibilityGlobals) = postSolution
		SolutionGuid = {047FAEBD-EF45-49B0-9497-12DDF89D5DF9}
	EndGlobalSection
EndGlobal
